
Microsoft Visual Studio Solution File, Format Version 12.00
# Visual Studio Version 17
VisualStudioVersion = 17.11.35222.181
MinimumVisualStudioVersion = 10.0.40219.1
Project("{FAE04EC0-301F-11D3-BF4B-00C04F79EFBC}") = "IdeaCenterExamPrep", "IdeaCenterExamPrep\IdeaCenterExamPrep.csproj", "{DBEAF5EA-8913-4BB1-BF6C-8D3870281A1A}"
EndProject
Global
	GlobalSection(SolutionConfigurationPlatforms) = preSolution
		Debug|Any CPU = Debug|Any CPU
		Release|Any CPU = Release|Any CPU
	EndGlobalSection
	GlobalSection(ProjectConfigurationPlatforms) = postSolution
		{DBEAF5EA-8913-4BB1-BF6C-8D3870281A1A}.Debug|Any CPU.ActiveCfg = Debug|Any CPU
		{DBEAF5EA-8913-4BB1-BF6C-8D3870281A1A}.Debug|Any CPU.Build.0 = Debug|Any CPU
		{DBEAF5EA-8913-4BB1-BF6C-8D3870281A1A}.Release|Any CPU.ActiveCfg = Release|Any CPU
		{DBEAF5EA-8913-4BB1-BF6C-8D3870281A1A}.Release|Any CPU.Build.0 = Release|Any CPU
	EndGlobalSection
	GlobalSection(SolutionProperties) = preSolution
		HideSolutionNode = FALSE
	EndGlobalSection
	GlobalSection(ExtensibilityGlobals) = postSolution
		SolutionGuid = {B4C91698-11A2-4554-A083-D86DDF8281FB}
	EndGlobalSection
EndGlobal
